
Microsoft Visual Studio Solution File, Format Version 12.00
# Visual Studio Version 17
VisualStudioVersion = 17.1.32407.343
MinimumVisualStudioVersion = 10.0.40219.1
Project("{FAE04EC0-301F-11D3-BF4B-00C04F79EFBC}") = "calc.test", "calc.test\calc.test.csproj", "{91210E0E-D25A-4264-8EBD-8C08FB6897B7}"
EndProject
Global
	GlobalSection(SolutionConfigurationPlatforms) = preSolution
		Debug|Any CPU = Debug|Any CPU
		Release|Any CPU = Release|Any CPU
	EndGlobalSection
	GlobalSection(ProjectConfigurationPlatforms) = postSolution
		{91210E0E-D25A-4264-8EBD-8C08FB6897B7}.Debug|Any CPU.ActiveCfg = Debug|Any CPU
		{91210E0E-D25A-4264-8EBD-8C08FB6897B7}.Debug|Any CPU.Build.0 = Debug|Any CPU
		{91210E0E-D25A-4264-8EBD-8C08FB6897B7}.Release|Any CPU.ActiveCfg = Release|Any CPU
		{91210E0E-D25A-4264-8EBD-8C08FB6897B7}.Release|Any CPU.Build.0 = Release|Any CPU
	EndGlobalSection
	GlobalSection(SolutionProperties) = preSolution
		HideSolutionNode = FALSE
	EndGlobalSection
	GlobalSection(ExtensibilityGlobals) = postSolution
		SolutionGuid = {9419FAE8-2AD8-430C-9A7A-030A6E2755AA}
	EndGlobalSection
EndGlobal
